
Microsoft Visual Studio Solution File, Format Version 11.00
# Visual Studio 2010
Project("{FAE04EC0-301F-11D3-BF4B-00C04F79EFBC}") = "Sniper", "Assembly-CSharp.csproj", "{901ADA2B-73B9-BC38-FC6E-8244BD67EFCB}"
EndProject
Global
	GlobalSection(SolutionConfigurationPlatforms) = preSolution
		Debug|Any CPU = Debug|Any CPU
		Release|Any CPU = Release|Any CPU
	EndGlobalSection
	GlobalSection(ProjectConfigurationPlatforms) = postSolution
		{901ADA2B-73B9-BC38-FC6E-8244BD67EFCB}.Debug|Any CPU.ActiveCfg = Debug|Any CPU
		{901ADA2B-73B9-BC38-FC6E-8244BD67EFCB}.Debug|Any CPU.Build.0 = Debug|Any CPU
		{901ADA2B-73B9-BC38-FC6E-8244BD67EFCB}.Release|Any CPU.ActiveCfg = Release|Any CPU
		{901ADA2B-73B9-BC38-FC6E-8244BD67EFCB}.Release|Any CPU.Build.0 = Release|Any CPU
	EndGlobalSection
	GlobalSection(SolutionProperties) = preSolution
		HideSolutionNode = FALSE
	EndGlobalSection
	GlobalSection(MonoDevelopProperties) = preSolution
		StartupItem = Assembly-CSharp.csproj
	EndGlobalSection
EndGlobal
