
Microsoft Visual Studio Solution File, Format Version 11.00
# Visual Studio 2010
Project("{FAE04EC0-301F-11D3-BF4B-00C04F79EFBC}") = "ThesisNew", "Assembly-CSharp.csproj", "{9BBA72D9-A66F-C4B5-F02B-7FCC3EE1F31A}"
EndProject
Global
	GlobalSection(SolutionConfigurationPlatforms) = preSolution
		Debug|Any CPU = Debug|Any CPU
		Release|Any CPU = Release|Any CPU
	EndGlobalSection
	GlobalSection(ProjectConfigurationPlatforms) = postSolution
		{9BBA72D9-A66F-C4B5-F02B-7FCC3EE1F31A}.Debug|Any CPU.ActiveCfg = Debug|Any CPU
		{9BBA72D9-A66F-C4B5-F02B-7FCC3EE1F31A}.Debug|Any CPU.Build.0 = Debug|Any CPU
		{9BBA72D9-A66F-C4B5-F02B-7FCC3EE1F31A}.Release|Any CPU.ActiveCfg = Release|Any CPU
		{9BBA72D9-A66F-C4B5-F02B-7FCC3EE1F31A}.Release|Any CPU.Build.0 = Release|Any CPU
	EndGlobalSection
	GlobalSection(SolutionProperties) = preSolution
		HideSolutionNode = FALSE
	EndGlobalSection
	GlobalSection(MonoDevelopProperties) = preSolution
		StartupItem = Assembly-CSharp.csproj
	EndGlobalSection
EndGlobal
